PODS:
  - MessageInputBar (0.3.0):
    - MessageInputBar/Core (= 0.3.0)
  - MessageInputBar/Core (0.3.0)
  - MessageKit (1.0.0)

DEPENDENCIES:
  - MessageInputBar (~> 0.3.0)
  - MessageKit (~> 1.0.0)

SPEC REPOS:
  https://github.com/cocoapods/specs.git:
    - MessageInputBar
    - MessageKit

SPEC CHECKSUMS:
  MessageInputBar: f4068bc48fbcefe41ae56f30b7c496479c5fb2f8
  MessageKit: 16160036b16476b04bd0e9f2c7ce67e662e503e4

PODFILE CHECKSUM: 73f19ed5536b6b8392a730355614ab004aa2064b

COCOAPODS: 1.5.3
