// !$*UTF8*$!
{
	archiveVersion = 1;
	classes = {
	};
	objectVersion = 48;
	objects = {

/* Begin PBXBuildFile section */
		C708F98D208FFD5F00F6F63A /* AppDelegate.swift in Sources */ = {isa = PBXBuildFile; fileRef = C708F98C208FFD5F00F6F63A /* AppDelegate.swift */; };
		C708F98F208FFD5F00F6F63A /* ViewController.swift in Sources */ = {isa = PBXBuildFile; fileRef = C708F98E208FFD5F00F6F63A /* ViewController.swift */; };
		C708F992208FFD5F00F6F63A /* Main.storyboard in Resources */ = {isa = PBXBuildFile; fileRef = C708F990208FFD5F00F6F63A /* Main.storyboard */; };
		C708F994208FFD5F00F6F63A /* Assets.xcassets in Resources */ = {isa = PBXBuildFile; fileRef = C708F993208FFD5F00F6F63A /* Assets.xcassets */; };
		C708F997208FFD5F00F6F63A /* LaunchScreen.storyboard in Resources */ = {isa = PBXBuildFile; fileRef = C708F995208FFD5F00F6F63A /* LaunchScreen.storyboard */; };
		C708F9A2208FFD5F00F6F63A /* stormchatTests.swift in Sources */ = {isa = PBXBuildFile; fileRef = C708F9A1208FFD5F00F6F63A /* stormchatTests.swift */; };
		C708F9AD208FFD5F00F6F63A /* stormchatUITests.swift in Sources */ = {isa = PBXBuildFile; fileRef = C708F9AC208FFD5F00F6F63A /* stormchatUITests.swift */; };
/* End PBXBuildFile section */

/* Begin PBXContainerItemProxy section */
		C708F99E208FFD5F00F6F63A /* PBXContainerItemProxy */ = {
			isa = PBXContainerItemProxy;
			containerPortal = C708F981208FFD5F00F6F63A /* Project object */;
			proxyType = 1;
			remoteGlobalIDString = C708F988208FFD5F00F6F63A;
			remoteInfo = stormchat;
		};
		C708F9A9208FFD5F00F6F63A /* PBXContainerItemProxy */ = {
			isa = PBXContainerItemProxy;
			containerPortal = C708F981208FFD5F00F6F63A /* Project object */;
			proxyType = 1;
			remoteGlobalIDString = C708F988208FFD5F00F6F63A;
			remoteInfo = stormchat;
		};
/* End PBXContainerItemProxy section */

/* Begin PBXFileReference section */
		C708F989208FFD5F00F6F63A /* stormchat.app */ = {isa = PBXFileReference; explicitFileType = wrapper.application; includeInIndex = 0; path = stormchat.app; sourceTree = BUILT_PRODUCTS_DIR; };
		C708F98C208FFD5F00F6F63A /* AppDelegate.swift */ = {isa = PBXFileReference; lastKnownFileType = sourcecode.swift; path = AppDelegate.swift; sourceTree = "<group>"; };
		C708F98E208FFD5F00F6F63A /* ViewController.swift */ = {isa = PBXFileReference; lastKnownFileType = sourcecode.swift; path = ViewController.swift; sourceTree = "<group>"; };
		C708F991208FFD5F00F6F63A /* Base */ = {isa = PBXFileReference; lastKnownFileType = file.storyboard; name = Base; path = Base.lproj/Main.storyboard; sourceTree = "<group>"; };
		C708F993208FFD5F00F6F63A /* Assets.xcassets */ = {isa = PBXFileReference; lastKnownFileType = folder.assetcatalog; path = Assets.xcassets; sourceTree = "<group>"; };
		C708F996208FFD5F00F6F63A /* Base */ = {isa = PBXFileReference; lastKnownFileType = file.storyboard; name = Base; path = Base.lproj/LaunchScreen.storyboard; sourceTree = "<group>"; };
		C708F998208FFD5F00F6F63A /* Info.plist */ = {isa = PBXFileReference; lastKnownFileType = text.plist.xml; path = Info.plist; sourceTree = "<group>"; };
		C708F99D208FFD5F00F6F63A /* stormchatTests.xctest */ = {isa = PBXFileReference; explicitFileType = wrapper.cfbundle; includeInIndex = 0; path = stormchatTests.xctest; sourceTree = BUILT_PRODUCTS_DIR; };
		C708F9A1208FFD5F00F6F63A /* stormchatTests.swift */ = {isa = PBXFileReference; lastKnownFileType = sourcecode.swift; path = stormchatTests.swift; sourceTree = "<group>"; };
		C708F9A3208FFD5F00F6F63A /* Info.plist */ = {isa = PBXFileReference; lastKnownFileType = text.plist.xml; path = Info.plist; sourceTree = "<group>"; };
		C708F9A8208FFD5F00F6F63A /* stormchatUITests.xctest */ = {isa = PBXFileReference; explicitFileType = wrapper.cfbundle; includeInIndex = 0; path = stormchatUITests.xctest; sourceTree = BUILT_PRODUCTS_DIR; };
		C708F9AC208FFD5F00F6F63A /* stormchatUITests.swift */ = {isa = PBXFileReference; lastKnownFileType = sourcecode.swift; path = stormchatUITests.swift; sourceTree = "<group>"; };
		C708F9AE208FFD5F00F6F63A /* Info.plist */ = {isa = PBXFileReference; lastKnownFileType = text.plist.xml; path = Info.plist; sourceTree = "<group>"; };
/* End PBXFileReference section */

/* Begin PBXFrameworksBuildPhase section */
		C708F986208FFD5F00F6F63A /* Frameworks */ = {
			isa = PBXFrameworksBuildPhase;
			buildActionMask = 2147483647;
			files = (
			);
			runOnlyForDeploymentPostprocessing = 0;
		};
		C708F99A208FFD5F00F6F63A /* Frameworks */ = {
			isa = PBXFrameworksBuildPhase;
			buildActionMask = 2147483647;
			files = (
			);
			runOnlyForDeploymentPostprocessing = 0;
		};
		C708F9A5208FFD5F00F6F63A /* Frameworks */ = {
			isa = PBXFrameworksBuildPhase;
			buildActionMask = 2147483647;
			files = (
			);
			runOnlyForDeploymentPostprocessing = 0;
		};
/* End PBXFrameworksBuildPhase section */

/* Begin PBXGroup section */
		C708F980208FFD5F00F6F63A = {
			isa = PBXGroup;
			children = (
				C708F98B208FFD5F00F6F63A /* stormchat */,
				C708F9A0208FFD5F00F6F63A /* stormchatTests */,
				C708F9AB208FFD5F00F6F63A /* stormchatUITests */,
				C708F98A208FFD5F00F6F63A /* Products */,
			);
			sourceTree = "<group>";
		};
		C708F98A208FFD5F00F6F63A /* Products */ = {
			isa = PBXGroup;
			children = (
				C708F989208FFD5F00F6F63A /* stormchat.app */,
				C708F99D208FFD5F00F6F63A /* stormchatTests.xctest */,
				C708F9A8208FFD5F00F6F63A /* stormchatUITests.xctest */,
			);
			name = Products;
			sourceTree = "<group>";
		};
		C708F98B208FFD5F00F6F63A /* stormchat */ = {
			isa = PBXGroup;
			children = (
				C708F98C208FFD5F00F6F63A /* AppDelegate.swift */,
				C708F98E208FFD5F00F6F63A /* ViewController.swift */,
				C708F990208FFD5F00F6F63A /* Main.storyboard */,
				C708F993208FFD5F00F6F63A /* Assets.xcassets */,
				C708F995208FFD5F00F6F63A /* LaunchScreen.storyboard */,
				C708F998208FFD5F00F6F63A /* Info.plist */,
			);
			path = stormchat;
			sourceTree = "<group>";
		};
		C708F9A0208FFD5F00F6F63A /* stormchatTests */ = {
			isa = PBXGroup;
			children = (
				C708F9A1208FFD5F00F6F63A /* stormchatTests.swift */,
				C708F9A3208FFD5F00F6F63A /* Info.plist */,
			);
			path = stormchatTests;
			sourceTree = "<group>";
		};
		C708F9AB208FFD5F00F6F63A /* stormchatUITests */ = {
			isa = PBXGroup;
			children = (
				C708F9AC208FFD5F00F6F63A /* stormchatUITests.swift */,
				C708F9AE208FFD5F00F6F63A /* Info.plist */,
			);
			path = stormchatUITests;
			sourceTree = "<group>";
		};
/* End PBXGroup section */

/* Begin PBXNativeTarget section */
		C708F988208FFD5F00F6F63A /* stormchat */ = {
			isa = PBXNativeTarget;
			buildConfigurationList = C708F9B1208FFD5F00F6F63A /* Build configuration list for PBXNativeTarget "stormchat" */;
			buildPhases = (
				C708F985208FFD5F00F6F63A /* Sources */,
				C708F986208FFD5F00F6F63A /* Frameworks */,
				C708F987208FFD5F00F6F63A /* Resources */,
			);
			buildRules = (
			);
			dependencies = (
			);
			name = stormchat;
			productName = stormchat;
			productReference = C708F989208FFD5F00F6F63A /* stormchat.app */;
			productType = "com.apple.product-type.application";
		};
		C708F99C208FFD5F00F6F63A /* stormchatTests */ = {
			isa = PBXNativeTarget;
			buildConfigurationList = C708F9B4208FFD5F00F6F63A /* Build configuration list for PBXNativeTarget "stormchatTests" */;
			buildPhases = (
				C708F999208FFD5F00F6F63A /* Sources */,
				C708F99A208FFD5F00F6F63A /* Frameworks */,
				C708F99B208FFD5F00F6F63A /* Resources */,
			);
			buildRules = (
			);
			dependencies = (
				C708F99F208FFD5F00F6F63A /* PBXTargetDependency */,
			);
			name = stormchatTests;
			productName = stormchatTests;
			productReference = C708F99D208FFD5F00F6F63A /* stormchatTests.xctest */;
			productType = "com.apple.product-type.bundle.unit-test";
		};
		C708F9A7208FFD5F00F6F63A /* stormchatUITests */ = {
			isa = PBXNativeTarget;
			buildConfigurationList = C708F9B7208FFD5F00F6F63A /* Build configuration list for PBXNativeTarget "stormchatUITests" */;
			buildPhases = (
				C708F9A4208FFD5F00F6F63A /* Sources */,
				C708F9A5208FFD5F00F6F63A /* Frameworks */,
				C708F9A6208FFD5F00F6F63A /* Resources */,
			);
			buildRules = (
			);
			dependencies = (
				C708F9AA208FFD5F00F6F63A /* PBXTargetDependency */,
			);
			name = stormchatUITests;
			productName = stormchatUITests;
			productReference = C708F9A8208FFD5F00F6F63A /* stormchatUITests.xctest */;
			productType = "com.apple.product-type.bundle.ui-testing";
		};
/* End PBXNativeTarget section */

/* Begin PBXProject section */
		C708F981208FFD5F00F6F63A /* Project object */ = {
			isa = PBXProject;
			attributes = {
				LastSwiftUpdateCheck = 0910;
				LastUpgradeCheck = 0910;
				ORGANIZATIONNAME = Gautam;
				TargetAttributes = {
					C708F988208FFD5F00F6F63A = {
						CreatedOnToolsVersion = 9.1;
						ProvisioningStyle = Automatic;
					};
					C708F99C208FFD5F00F6F63A = {
						CreatedOnToolsVersion = 9.1;
						ProvisioningStyle = Automatic;
						TestTargetID = C708F988208FFD5F00F6F63A;
					};
					C708F9A7208FFD5F00F6F63A = {
						CreatedOnToolsVersion = 9.1;
						ProvisioningStyle = Automatic;
						TestTargetID = C708F988208FFD5F00F6F63A;
					};
				};
			};
			buildConfigurationList = C708F984208FFD5F00F6F63A /* Build configuration list for PBXProject "stormchat" */;
			compatibilityVersion = "Xcode 8.0";
			developmentRegion = en;
			hasScannedForEncodings = 0;
			knownRegions = (
				en,
				Base,
			);
			mainGroup = C708F980208FFD5F00F6F63A;
			productRefGroup = C708F98A208FFD5F00F6F63A /* Products */;
			projectDirPath = "";
			projectRoot = "";
			targets = (
				C708F988208FFD5F00F6F63A /* stormchat */,
				C708F99C208FFD5F00F6F63A /* stormchatTests */,
				C708F9A7208FFD5F00F6F63A /* stormchatUITests */,
			);
		};
/* End PBXProject section */

/* Begin PBXResourcesBuildPhase section */
		C708F987208FFD5F00F6F63A /* Resources */ = {
			isa = PBXResourcesBuildPhase;
			buildActionMask = 2147483647;
			files = (
				C708F997208FFD5F00F6F63A /* LaunchScreen.storyboard in Resources */,
				C708F994208FFD5F00F6F63A /* Assets.xcassets in Resources */,
				C708F992208FFD5F00F6F63A /* Main.storyboard in Resources */,
			);
			runOnlyForDeploymentPostprocessing = 0;
		};
		C708F99B208FFD5F00F6F63A /* Resources */ = {
			isa = PBXResourcesBuildPhase;
			buildActionMask = 2147483647;
			files = (
			);
			runOnlyForDeploymentPostprocessing = 0;
		};
		C708F9A6208FFD5F00F6F63A /* Resources */ = {
			isa = PBXResourcesBuildPhase;
			buildActionMask = 2147483647;
			files = (
			);
			runOnlyForDeploymentPostprocessing = 0;
		};
/* End PBXResourcesBuildPhase section */

/* Begin PBXSourcesBuildPhase section */
		C708F985208FFD5F00F6F63A /* Sources */ = {
			isa = PBXSourcesBuildPhase;
			buildActionMask = 2147483647;
			files = (
				C708F98F208FFD5F00F6F63A /* ViewController.swift in Sources */,
				C708F98D208FFD5F00F6F63A /* AppDelegate.swift in Sources */,
			);
			runOnlyForDeploymentPostprocessing = 0;
		};
		C708F999208FFD5F00F6F63A /* Sources */ = {
			isa = PBXSourcesBuildPhase;
			buildActionMask = 2147483647;
			files = (
				C708F9A2208FFD5F00F6F63A /* stormchatTests.swift in Sources */,
			);
			runOnlyForDeploymentPostprocessing = 0;
		};
		C708F9A4208FFD5F00F6F63A /* Sources */ = {
			isa = PBXSourcesBuildPhase;
			buildActionMask = 2147483647;
			files = (
				C708F9AD208FFD5F00F6F63A /* stormchatUITests.swift in Sources */,
			);
			runOnlyForDeploymentPostprocessing = 0;
		};
/* End PBXSourcesBuildPhase section */

/* Begin PBXTargetDependency section */
		C708F99F208FFD5F00F6F63A /* PBXTargetDependency */ = {
			isa = PBXTargetDependency;
			target = C708F988208FFD5F00F6F63A /* stormchat */;
			targetProxy = C708F99E208FFD5F00F6F63A /* PBXContainerItemProxy */;
		};
		C708F9AA208FFD5F00F6F63A /* PBXTargetDependency */ = {
			isa = PBXTargetDependency;
			target = C708F988208FFD5F00F6F63A /* stormchat */;
			targetProxy = C708F9A9208FFD5F00F6F63A /* PBXContainerItemProxy */;
		};
/* End PBXTargetDependency section */

/* Begin PBXVariantGroup section */
		C708F990208FFD5F00F6F63A /* Main.storyboard */ = {
			isa = PBXVariantGroup;
			children = (
				C708F991208FFD5F00F6F63A /* Base */,
			);
			name = Main.storyboard;
			sourceTree = "<group>";
		};
		C708F995208FFD5F00F6F63A /* LaunchScreen.storyboard */ = {
			isa = PBXVariantGroup;
			children = (
				C708F996208FFD5F00F6F63A /* Base */,
			);
			name = LaunchScreen.storyboard;
			sourceTree = "<group>";
		};
/* End PBXVariantGroup section */

/* Begin XCBuildConfiguration section */
		C708F9AF208FFD5F00F6F63A /* Debug */ = {
			isa = XCBuildConfiguration;
			buildSettings = {
				ALWAYS_SEARCH_USER_PATHS = NO;
				CLANG_ANALYZER_NONNULL = YES;
				CLANG_ANALYZER_NUMBER_OBJECT_CONVERSION = YES_AGGRESSIVE;
				CLANG_CXX_LANGUAGE_STANDARD = "gnu++14";
				CLANG_CXX_LIBRARY = "libc++";
				CLANG_ENABLE_MODULES = YES;
				CLANG_ENABLE_OBJC_ARC = YES;
				CLANG_WARN_BLOCK_CAPTURE_AUTORELEASING = YES;
				CLANG_WARN_BOOL_CONVERSION = YES;
				CLANG_WARN_COMMA = YES;
				CLANG_WARN_CONSTANT_CONVERSION = YES;
				CLANG_WARN_DIRECT_OBJC_ISA_USAGE = YES_ERROR;
				CLANG_WARN_DOCUMENTATION_COMMENTS = YES;
				CLANG_WARN_EMPTY_BODY = YES;
				CLANG_WARN_ENUM_CONVERSION = YES;
				CLANG_WARN_INFINITE_RECURSION = YES;
				CLANG_WARN_INT_CONVERSION = YES;
				CLANG_WARN_NON_LITERAL_NULL_CONVERSION = YES;
				CLANG_WARN_OBJC_LITERAL_CONVERSION = YES;
				CLANG_WARN_OBJC_ROOT_CLASS = YES_ERROR;
				CLANG_WARN_RANGE_LOOP_ANALYSIS = YES;
				CLANG_WARN_STRICT_PROTOTYPES = YES;
				CLANG_WARN_SUSPICIOUS_MOVE = YES;
				CLANG_WARN_UNGUARDED_AVAILABILITY = YES_AGGRESSIVE;
				CLANG_WARN_UNREACHABLE_CODE = YES;
				CLANG_WARN__DUPLICATE_METHOD_MATCH = YES;
				CODE_SIGN_IDENTITY = "iPhone Developer";
				COPY_PHASE_STRIP = NO;
				DEBUG_INFORMATION_FORMAT = dwarf;
				ENABLE_STRICT_OBJC_MSGSEND = YES;
				ENABLE_TESTABILITY = YES;
				GCC_C_LANGUAGE_STANDARD = gnu11;
				GCC_DYNAMIC_NO_PIC = NO;
				GCC_NO_COMMON_BLOCKS = YES;
				GCC_OPTIMIZATION_LEVEL = 0;
				GCC_PREPROCESSOR_DEFINITIONS = (
					"DEBUG=1",
					"$(inherited)",
				);
				GCC_WARN_64_TO_32_BIT_CONVERSION = YES;
				GCC_WARN_ABOUT_RETURN_TYPE = YES_ERROR;
				GCC_WARN_UNDECLARED_SELECTOR = YES;
				GCC_WARN_UNINITIALIZED_AUTOS = YES_AGGRESSIVE;
				GCC_WARN_UNUSED_FUNCTION = YES;
				GCC_WARN_UNUSED_VARIABLE = YES;
				IPHONEOS_DEPLOYMENT_TARGET = 11.1;
				MTL_ENABLE_DEBUG_INFO = YES;
				ONLY_ACTIVE_ARCH = YES;
				SDKROOT = iphoneos;
				SWIFT_ACTIVE_COMPILATION_CONDITIONS = DEBUG;
				SWIFT_OPTIMIZATION_LEVEL = "-Onone";
			};
			name = Debug;
		};
		C708F9B0208FFD5F00F6F63A /* Release */ = {
			isa = XCBuildConfiguration;
			buildSettings = {
				ALWAYS_SEARCH_USER_PATHS = NO;
				CLANG_ANALYZER_NONNULL = YES;
				CLANG_ANALYZER_NUMBER_OBJECT_CONVERSION = YES_AGGRESSIVE;
				CLANG_CXX_LANGUAGE_STANDARD = "gnu++14";
				CLANG_CXX_LIBRARY = "libc++";
				CLANG_ENABLE_MODULES = YES;
				CLANG_ENABLE_OBJC_ARC = YES;
				CLANG_WARN_BLOCK_CAPTURE_AUTORELEASING = YES;
				CLANG_WARN_BOOL_CONVERSION = YES;
				CLANG_WARN_COMMA = YES;
				CLANG_WARN_CONSTANT_CONVERSION = YES;
				CLANG_WARN_DIRECT_OBJC_ISA_USAGE = YES_ERROR;
				CLANG_WARN_DOCUMENTATION_COMMENTS = YES;
				CLANG_WARN_EMPTY_BODY = YES;
				CLANG_WARN_ENUM_CONVERSION = YES;
				CLANG_WARN_INFINITE_RECURSION = YES;
				CLANG_WARN_INT_CONVERSION = YES;
				CLANG_WARN_NON_LITERAL_NULL_CONVERSION = YES;
				CLANG_WARN_OBJC_LITERAL_CONVERSION = YES;
				CLANG_WARN_OBJC_ROOT_CLASS = YES_ERROR;
				CLANG_WARN_RANGE_LOOP_ANALYSIS = YES;
				CLANG_WARN_STRICT_PROTOTYPES = YES;
				CLANG_WARN_SUSPICIOUS_MOVE = YES;
				CLANG_WARN_UNGUARDED_AVAILABILITY = YES_AGGRESSIVE;
				CLANG_WARN_UNREACHABLE_CODE = YES;
				CLANG_WARN__DUPLICATE_METHOD_MATCH = YES;
				CODE_SIGN_IDENTITY = "iPhone Developer";
				COPY_PHASE_STRIP = NO;
				DEBUG_INFORMATION_FORMAT = "dwarf-with-dsym";
				ENABLE_NS_ASSERTIONS = NO;
				ENABLE_STRICT_OBJC_MSGSEND = YES;
				GCC_C_LANGUAGE_STANDARD = gnu11;
				GCC_NO_COMMON_BLOCKS = YES;
				GCC_WARN_64_TO_32_BIT_CONVERSION = YES;
				GCC_WARN_ABOUT_RETURN_TYPE = YES_ERROR;
				GCC_WARN_UNDECLARED_SELECTOR = YES;
				GCC_WARN_UNINITIALIZED_AUTOS = YES_AGGRESSIVE;
				GCC_WARN_UNUSED_FUNCTION = YES;
				GCC_WARN_UNUSED_VARIABLE = YES;
				IPHONEOS_DEPLOYMENT_TARGET = 11.1;
				MTL_ENABLE_DEBUG_INFO = NO;
				SDKROOT = iphoneos;
				SWIFT_OPTIMIZATION_LEVEL = "-Owholemodule";
				VALIDATE_PRODUCT = YES;
			};
			name = Release;
		};
		C708F9B2208FFD5F00F6F63A /* Debug */ = {
			isa = XCBuildConfiguration;
			buildSettings = {
				ASSETCATALOG_COMPILER_APPICON_NAME = AppIcon;
				CODE_SIGN_STYLE = Automatic;
				DEVELOPMENT_TEAM = 87WM9EFVDN;
				INFOPLIST_FILE = stormchat/Info.plist;
				LD_RUNPATH_SEARCH_PATHS = "$(inherited) @executable_path/Frameworks";
				PRODUCT_BUNDLE_IDENTIFIER = com.gautambaghel.stormchat;
				PRODUCT_NAME = "$(TARGET_NAME)";
				SWIFT_VERSION = 4.0;
				TARGETED_DEVICE_FAMILY = "1,2";
			};
			name = Debug;
		};
		C708F9B3208FFD5F00F6F63A /* Release */ = {
			isa = XCBuildConfiguration;
			buildSettings = {
				ASSETCATALOG_COMPILER_APPICON_NAME = AppIcon;
				CODE_SIGN_STYLE = Automatic;
				DEVELOPMENT_TEAM = 87WM9EFVDN;
				INFOPLIST_FILE = stormchat/Info.plist;
				LD_RUNPATH_SEARCH_PATHS = "$(inherited) @executable_path/Frameworks";
				PRODUCT_BUNDLE_IDENTIFIER = com.gautambaghel.stormchat;
				PRODUCT_NAME = "$(TARGET_NAME)";
				SWIFT_VERSION = 4.0;
				TARGETED_DEVICE_FAMILY = "1,2";
			};
			name = Release;
		};
		C708F9B5208FFD5F00F6F63A /* Debug */ = {
			isa = XCBuildConfiguration;
			buildSettings = {
				ALWAYS_EMBED_SWIFT_STANDARD_LIBRARIES = YES;
				BUNDLE_LOADER = "$(TEST_HOST)";
				CODE_SIGN_STYLE = Automatic;
				DEVELOPMENT_TEAM = 87WM9EFVDN;
				INFOPLIST_FILE = stormchatTests/Info.plist;
				LD_RUNPATH_SEARCH_PATHS = "$(inherited) @executable_path/Frameworks @loader_path/Frameworks";
				PRODUCT_BUNDLE_IDENTIFIER = com.gautambaghel.stormchatTests;
				PRODUCT_NAME = "$(TARGET_NAME)";
				SWIFT_VERSION = 4.0;
				TARGETED_DEVICE_FAMILY = "1,2";
				TEST_HOST = "$(BUILT_PRODUCTS_DIR)/stormchat.app/stormchat";
			};
			name = Debug;
		};
		C708F9B6208FFD5F00F6F63A /* Release */ = {
			isa = XCBuildConfiguration;
			buildSettings = {
				ALWAYS_EMBED_SWIFT_STANDARD_LIBRARIES = YES;
				BUNDLE_LOADER = "$(TEST_HOST)";
				CODE_SIGN_STYLE = Automatic;
				DEVELOPMENT_TEAM = 87WM9EFVDN;
				INFOPLIST_FILE = stormchatTests/Info.plist;
				LD_RUNPATH_SEARCH_PATHS = "$(inherited) @executable_path/Frameworks @loader_path/Frameworks";
				PRODUCT_BUNDLE_IDENTIFIER = com.gautambaghel.stormchatTests;
				PRODUCT_NAME = "$(TARGET_NAME)";
				SWIFT_VERSION = 4.0;
				TARGETED_DEVICE_FAMILY = "1,2";
				TEST_HOST = "$(BUILT_PRODUCTS_DIR)/stormchat.app/stormchat";
			};
			name = Release;
		};
		C708F9B8208FFD5F00F6F63A /* Debug */ = {
			isa = XCBuildConfiguration;
			buildSettings = {
				ALWAYS_EMBED_SWIFT_STANDARD_LIBRARIES = YES;
				CODE_SIGN_STYLE = Automatic;
				DEVELOPMENT_TEAM = 87WM9EFVDN;
				INFOPLIST_FILE = stormchatUITests/Info.plist;
				LD_RUNPATH_SEARCH_PATHS = "$(inherited) @executable_path/Frameworks @loader_path/Frameworks";
				PRODUCT_BUNDLE_IDENTIFIER = com.gautambaghel.stormchatUITests;
				PRODUCT_NAME = "$(TARGET_NAME)";
				SWIFT_VERSION = 4.0;
				TARGETED_DEVICE_FAMILY = "1,2";
				TEST_TARGET_NAME = stormchat;
			};
			name = Debug;
		};
		C708F9B9208FFD5F00F6F63A /* Release */ = {
			isa = XCBuildConfiguration;
			buildSettings = {
				ALWAYS_EMBED_SWIFT_STANDARD_LIBRARIES = YES;
				CODE_SIGN_STYLE = Automatic;
				DEVELOPMENT_TEAM = 87WM9EFVDN;
				INFOPLIST_FILE = stormchatUITests/Info.plist;
				LD_RUNPATH_SEARCH_PATHS = "$(inherited) @executable_path/Frameworks @loader_path/Frameworks";
				PRODUCT_BUNDLE_IDENTIFIER = com.gautambaghel.stormchatUITests;
				PRODUCT_NAME = "$(TARGET_NAME)";
				SWIFT_VERSION = 4.0;
				TARGETED_DEVICE_FAMILY = "1,2";
				TEST_TARGET_NAME = stormchat;
			};
			name = Release;
		};
/* End XCBuildConfiguration section */

/* Begin XCConfigurationList section */
		C708F984208FFD5F00F6F63A /* Build configuration list for PBXProject "stormchat" */ = {
			isa = XCConfigurationList;
			buildConfigurations = (
				C708F9AF208FFD5F00F6F63A /* Debug */,
				C708F9B0208FFD5F00F6F63A /* Release */,
			);
			defaultConfigurationIsVisible = 0;
			defaultConfigurationName = Release;
		};
		C708F9B1208FFD5F00F6F63A /* Build configuration list for PBXNativeTarget "stormchat" */ = {
			isa = XCConfigurationList;
			buildConfigurations = (
				C708F9B2208FFD5F00F6F63A /* Debug */,
				C708F9B3208FFD5F00F6F63A /* Release */,
			);
			defaultConfigurationIsVisible = 0;
			defaultConfigurationName = Release;
		};
		C708F9B4208FFD5F00F6F63A /* Build configuration list for PBXNativeTarget "stormchatTests" */ = {
			isa = XCConfigurationList;
			buildConfigurations = (
				C708F9B5208FFD5F00F6F63A /* Debug */,
				C708F9B6208FFD5F00F6F63A /* Release */,
			);
			defaultConfigurationIsVisible = 0;
			defaultConfigurationName = Release;
		};
		C708F9B7208FFD5F00F6F63A /* Build configuration list for PBXNativeTarget "stormchatUITests" */ = {
			isa = XCConfigurationList;
			buildConfigurations = (
				C708F9B8208FFD5F00F6F63A /* Debug */,
				C708F9B9208FFD5F00F6F63A /* Release */,
			);
			defaultConfigurationIsVisible = 0;
			defaultConfigurationName = Release;
		};
/* End XCConfigurationList section */
	};
	rootObject = C708F981208FFD5F00F6F63A /* Project object */;
}
