// !$*UTF8*$!
{
	archiveVersion = 1;
	classes = {
	};
	objectVersion = 48;
	objects = {

/* Begin PBXBuildFile section */
		9F94B3E7B54CEBF38E322CB0 /* Pods_stormchatUITests.framework in Frameworks */ = {isa = PBXBuildFile; fileRef = 9C3B13E0B32BBB4CF250667C /* Pods_stormchatUITests.framework */; };
		B857B9AC7C5F6063FDE8AC64 /* Pods_stormchatTests.framework in Frameworks */ = {isa = PBXBuildFile; fileRef = E96EF7B9C90A7972F7273DF6 /* Pods_stormchatTests.framework */; };
		C708F98D208FFD5F00F6F63A /* AppDelegate.swift in Sources */ = {isa = PBXBuildFile; fileRef = C708F98C208FFD5F00F6F63A /* AppDelegate.swift */; };
		C708F98F208FFD5F00F6F63A /* ViewController.swift in Sources */ = {isa = PBXBuildFile; fileRef = C708F98E208FFD5F00F6F63A /* ViewController.swift */; };
		C708F992208FFD5F00F6F63A /* Main.storyboard in Resources */ = {isa = PBXBuildFile; fileRef = C708F990208FFD5F00F6F63A /* Main.storyboard */; };
		C708F994208FFD5F00F6F63A /* Assets.xcassets in Resources */ = {isa = PBXBuildFile; fileRef = C708F993208FFD5F00F6F63A /* Assets.xcassets */; };
		C708F997208FFD5F00F6F63A /* LaunchScreen.storyboard in Resources */ = {isa = PBXBuildFile; fileRef = C708F995208FFD5F00F6F63A /* LaunchScreen.storyboard */; };
		C708F9A2208FFD5F00F6F63A /* stormchatTests.swift in Sources */ = {isa = PBXBuildFile; fileRef = C708F9A1208FFD5F00F6F63A /* stormchatTests.swift */; };
		C708F9AD208FFD5F00F6F63A /* stormchatUITests.swift in Sources */ = {isa = PBXBuildFile; fileRef = C708F9AC208FFD5F00F6F63A /* stormchatUITests.swift */; };
		C7974036213FAB71002658AC /* RegisterController.swift in Sources */ = {isa = PBXBuildFile; fileRef = C7974035213FAB71002658AC /* RegisterController.swift */; };
		C79740542140C3EB002658AC /* FBSDKShareKit.framework in Frameworks */ = {isa = PBXBuildFile; fileRef = C79740502140C3E8002658AC /* FBSDKShareKit.framework */; };
		C79740552140C3EB002658AC /* Bolts.framework in Frameworks */ = {isa = PBXBuildFile; fileRef = C79740512140C3E8002658AC /* Bolts.framework */; };
		C79740562140C3EB002658AC /* FBSDKCoreKit.framework in Frameworks */ = {isa = PBXBuildFile; fileRef = C79740522140C3EA002658AC /* FBSDKCoreKit.framework */; };
		C79740572140C3EB002658AC /* FBSDKLoginKit.framework in Frameworks */ = {isa = PBXBuildFile; fileRef = C79740532140C3EB002658AC /* FBSDKLoginKit.framework */; };
		C797405B2142281E002658AC /* GoogleSignIn.framework in Frameworks */ = {isa = PBXBuildFile; fileRef = C79740582142281C002658AC /* GoogleSignIn.framework */; };
		C797405C2142281E002658AC /* GoogleSignInDependencies.framework in Frameworks */ = {isa = PBXBuildFile; fileRef = C79740592142281D002658AC /* GoogleSignInDependencies.framework */; };
		C797405D2142281E002658AC /* GoogleSignIn.bundle in Resources */ = {isa = PBXBuildFile; fileRef = C797405A2142281E002658AC /* GoogleSignIn.bundle */; };
		C797406021422A2D002658AC /* LocalAuthentication.framework in Frameworks */ = {isa = PBXBuildFile; fileRef = C797405F21422A2D002658AC /* LocalAuthentication.framework */; };
		C797406221422A46002658AC /* SafariServices.framework in Frameworks */ = {isa = PBXBuildFile; fileRef = C797406121422A46002658AC /* SafariServices.framework */; };
		C797406421422A4D002658AC /* SystemConfiguration.framework in Frameworks */ = {isa = PBXBuildFile; fileRef = C797406321422A4D002658AC /* SystemConfiguration.framework */; };
		C79740672142382D002658AC /* GoogleService-Info.plist in Resources */ = {isa = PBXBuildFile; fileRef = C79740662142382D002658AC /* GoogleService-Info.plist */; };
		C797406E21687A6F002658AC /* AlertController.swift in Sources */ = {isa = PBXBuildFile; fileRef = C797406C21687A6F002658AC /* AlertController.swift */; };
		C7B0466D2172D96F00CE5DA5 /* String+Locations.swift in Sources */ = {isa = PBXBuildFile; fileRef = C7B0466C2172D96F00CE5DA5 /* String+Locations.swift */; };
		C7B0467921A52FA600CE5DA5 /* ChatController.swift in Sources */ = {isa = PBXBuildFile; fileRef = C7B0467821A52FA600CE5DA5 /* ChatController.swift */; };
		C7E3EEAF216C04740046A7EB /* LocationController.swift in Sources */ = {isa = PBXBuildFile; fileRef = C7E3EEAE216C04740046A7EB /* LocationController.swift */; };
		C7E6BA7E21A7F63400042343 /* ChatInfoController.swift in Sources */ = {isa = PBXBuildFile; fileRef = C7E6BA7D21A7F63400042343 /* ChatInfoController.swift */; };
		EADD6D30F346CBC5FC4348F7 /* Pods_stormchat.framework in Frameworks */ = {isa = PBXBuildFile; fileRef = B71BB1A4A2B5A02508BDD626 /* Pods_stormchat.framework */; };
/* End PBXBuildFile section */

/* Begin PBXContainerItemProxy section */
		C708F99E208FFD5F00F6F63A /* PBXContainerItemProxy */ = {
			isa = PBXContainerItemProxy;
			containerPortal = C708F981208FFD5F00F6F63A /* Project object */;
			proxyType = 1;
			remoteGlobalIDString = C708F988208FFD5F00F6F63A;
			remoteInfo = stormchat;
		};
		C708F9A9208FFD5F00F6F63A /* PBXContainerItemProxy */ = {
			isa = PBXContainerItemProxy;
			containerPortal = C708F981208FFD5F00F6F63A /* Project object */;
			proxyType = 1;
			remoteGlobalIDString = C708F988208FFD5F00F6F63A;
			remoteInfo = stormchat;
		};
/* End PBXContainerItemProxy section */

/* Begin PBXFileReference section */
		1B061075FFC02CF7EBD4E239 /* Pods-stormchatTests.debug.xcconfig */ = {isa = PBXFileReference; includeInIndex = 1; lastKnownFileType = text.xcconfig; name = "Pods-stormchatTests.debug.xcconfig"; path = "Pods/Target Support Files/Pods-stormchatTests/Pods-stormchatTests.debug.xcconfig"; sourceTree = "<group>"; };
		227713071FD6C05D11D91C3F /* Pods-stormchatUITests.release.xcconfig */ = {isa = PBXFileReference; includeInIndex = 1; lastKnownFileType = text.xcconfig; name = "Pods-stormchatUITests.release.xcconfig"; path = "Pods/Target Support Files/Pods-stormchatUITests/Pods-stormchatUITests.release.xcconfig"; sourceTree = "<group>"; };
		35D590F262DEE3B6683DC3CC /* Pods-stormchat.release.xcconfig */ = {isa = PBXFileReference; includeInIndex = 1; lastKnownFileType = text.xcconfig; name = "Pods-stormchat.release.xcconfig"; path = "Pods/Target Support Files/Pods-stormchat/Pods-stormchat.release.xcconfig"; sourceTree = "<group>"; };
		4499A44A77AF4CFE200F884B /* Pods-stormchatTests.release.xcconfig */ = {isa = PBXFileReference; includeInIndex = 1; lastKnownFileType = text.xcconfig; name = "Pods-stormchatTests.release.xcconfig"; path = "Pods/Target Support Files/Pods-stormchatTests/Pods-stormchatTests.release.xcconfig"; sourceTree = "<group>"; };
		708CBCA3AD70E318B1993A60 /* Pods-stormchat.debug.xcconfig */ = {isa = PBXFileReference; includeInIndex = 1; lastKnownFileType = text.xcconfig; name = "Pods-stormchat.debug.xcconfig"; path = "Pods/Target Support Files/Pods-stormchat/Pods-stormchat.debug.xcconfig"; sourceTree = "<group>"; };
		9C3B13E0B32BBB4CF250667C /* Pods_stormchatUITests.framework */ = {isa = PBXFileReference; explicitFileType = wrapper.framework; includeInIndex = 0; path = Pods_stormchatUITests.framework; sourceTree = BUILT_PRODUCTS_DIR; };
		B71BB1A4A2B5A02508BDD626 /* Pods_stormchat.framework */ = {isa = PBXFileReference; explicitFileType = wrapper.framework; includeInIndex = 0; path = Pods_stormchat.framework; sourceTree = BUILT_PRODUCTS_DIR; };
		C708F989208FFD5F00F6F63A /* stormchat.app */ = {isa = PBXFileReference; explicitFileType = wrapper.application; includeInIndex = 0; path = stormchat.app; sourceTree = BUILT_PRODUCTS_DIR; };
		C708F98C208FFD5F00F6F63A /* AppDelegate.swift */ = {isa = PBXFileReference; lastKnownFileType = sourcecode.swift; path = AppDelegate.swift; sourceTree = "<group>"; };
		C708F98E208FFD5F00F6F63A /* ViewController.swift */ = {isa = PBXFileReference; lastKnownFileType = sourcecode.swift; path = ViewController.swift; sourceTree = "<group>"; };
		C708F991208FFD5F00F6F63A /* Base */ = {isa = PBXFileReference; lastKnownFileType = file.storyboard; name = Base; path = Base.lproj/Main.storyboard; sourceTree = "<group>"; };
		C708F993208FFD5F00F6F63A /* Assets.xcassets */ = {isa = PBXFileReference; lastKnownFileType = folder.assetcatalog; path = Assets.xcassets; sourceTree = "<group>"; };
		C708F996208FFD5F00F6F63A /* Base */ = {isa = PBXFileReference; lastKnownFileType = file.storyboard; name = Base; path = Base.lproj/LaunchScreen.storyboard; sourceTree = "<group>"; };
		C708F998208FFD5F00F6F63A /* Info.plist */ = {isa = PBXFileReference; lastKnownFileType = text.plist.xml; path = Info.plist; sourceTree = "<group>"; };
		C708F99D208FFD5F00F6F63A /* stormchatTests.xctest */ = {isa = PBXFileReference; explicitFileType = wrapper.cfbundle; includeInIndex = 0; path = stormchatTests.xctest; sourceTree = BUILT_PRODUCTS_DIR; };
		C708F9A1208FFD5F00F6F63A /* stormchatTests.swift */ = {isa = PBXFileReference; lastKnownFileType = sourcecode.swift; path = stormchatTests.swift; sourceTree = "<group>"; };
		C708F9A3208FFD5F00F6F63A /* Info.plist */ = {isa = PBXFileReference; lastKnownFileType = text.plist.xml; path = Info.plist; sourceTree = "<group>"; };
		C708F9A8208FFD5F00F6F63A /* stormchatUITests.xctest */ = {isa = PBXFileReference; explicitFileType = wrapper.cfbundle; includeInIndex = 0; path = stormchatUITests.xctest; sourceTree = BUILT_PRODUCTS_DIR; };
		C708F9AC208FFD5F00F6F63A /* stormchatUITests.swift */ = {isa = PBXFileReference; lastKnownFileType = sourcecode.swift; path = stormchatUITests.swift; sourceTree = "<group>"; };
		C708F9AE208FFD5F00F6F63A /* Info.plist */ = {isa = PBXFileReference; lastKnownFileType = text.plist.xml; path = Info.plist; sourceTree = "<group>"; };
		C7974035213FAB71002658AC /* RegisterController.swift */ = {isa = PBXFileReference; lastKnownFileType = sourcecode.swift; path = RegisterController.swift; sourceTree = "<group>"; };
		C79740502140C3E8002658AC /* FBSDKShareKit.framework */ = {isa = PBXFileReference; lastKnownFileType = wrapper.framework; path = FBSDKShareKit.framework; sourceTree = "<group>"; };
		C79740512140C3E8002658AC /* Bolts.framework */ = {isa = PBXFileReference; lastKnownFileType = wrapper.framework; path = Bolts.framework; sourceTree = "<group>"; };
		C79740522140C3EA002658AC /* FBSDKCoreKit.framework */ = {isa = PBXFileReference; lastKnownFileType = wrapper.framework; path = FBSDKCoreKit.framework; sourceTree = "<group>"; };
		C79740532140C3EB002658AC /* FBSDKLoginKit.framework */ = {isa = PBXFileReference; lastKnownFileType = wrapper.framework; path = FBSDKLoginKit.framework; sourceTree = "<group>"; };
		C79740582142281C002658AC /* GoogleSignIn.framework */ = {isa = PBXFileReference; lastKnownFileType = wrapper.framework; path = GoogleSignIn.framework; sourceTree = "<group>"; };
		C79740592142281D002658AC /* GoogleSignInDependencies.framework */ = {isa = PBXFileReference; lastKnownFileType = wrapper.framework; path = GoogleSignInDependencies.framework; sourceTree = "<group>"; };
		C797405A2142281E002658AC /* GoogleSignIn.bundle */ = {isa = PBXFileReference; lastKnownFileType = "wrapper.plug-in"; path = GoogleSignIn.bundle; sourceTree = "<group>"; };
		C797405F21422A2D002658AC /* LocalAuthentication.framework */ = {isa = PBXFileReference; lastKnownFileType = wrapper.framework; name = LocalAuthentication.framework; path = System/Library/Frameworks/LocalAuthentication.framework; sourceTree = SDKROOT; };
		C797406121422A46002658AC /* SafariServices.framework */ = {isa = PBXFileReference; lastKnownFileType = wrapper.framework; name = SafariServices.framework; path = System/Library/Frameworks/SafariServices.framework; sourceTree = SDKROOT; };
		C797406321422A4D002658AC /* SystemConfiguration.framework */ = {isa = PBXFileReference; lastKnownFileType = wrapper.framework; name = SystemConfiguration.framework; path = System/Library/Frameworks/SystemConfiguration.framework; sourceTree = SDKROOT; };
		C79740662142382D002658AC /* GoogleService-Info.plist */ = {isa = PBXFileReference; fileEncoding = 4; lastKnownFileType = text.plist.xml; path = "GoogleService-Info.plist"; sourceTree = "<group>"; };
		C797406C21687A6F002658AC /* AlertController.swift */ = {isa = PBXFileReference; lastKnownFileType = sourcecode.swift; path = AlertController.swift; sourceTree = "<group>"; };
		C7B0466C2172D96F00CE5DA5 /* String+Locations.swift */ = {isa = PBXFileReference; lastKnownFileType = sourcecode.swift; path = "String+Locations.swift"; sourceTree = "<group>"; };
		C7B0467821A52FA600CE5DA5 /* ChatController.swift */ = {isa = PBXFileReference; lastKnownFileType = sourcecode.swift; path = ChatController.swift; sourceTree = "<group>"; };
		C7E3EEAE216C04740046A7EB /* LocationController.swift */ = {isa = PBXFileReference; lastKnownFileType = sourcecode.swift; path = LocationController.swift; sourceTree = "<group>"; };
		C7E6BA7D21A7F63400042343 /* ChatInfoController.swift */ = {isa = PBXFileReference; lastKnownFileType = sourcecode.swift; path = ChatInfoController.swift; sourceTree = "<group>"; };
		CC1D15D384131519405D38B6 /* Pods-stormchatUITests.debug.xcconfig */ = {isa = PBXFileReference; includeInIndex = 1; lastKnownFileType = text.xcconfig; name = "Pods-stormchatUITests.debug.xcconfig"; path = "Pods/Target Support Files/Pods-stormchatUITests/Pods-stormchatUITests.debug.xcconfig"; sourceTree = "<group>"; };
		E96EF7B9C90A7972F7273DF6 /* Pods_stormchatTests.framework */ = {isa = PBXFileReference; explicitFileType = wrapper.framework; includeInIndex = 0; path = Pods_stormchatTests.framework; sourceTree = BUILT_PRODUCTS_DIR; };
/* End PBXFileReference section */

/* Begin PBXFrameworksBuildPhase section */
		C708F986208FFD5F00F6F63A /* Frameworks */ = {
			isa = PBXFrameworksBuildPhase;
			buildActionMask = 2147483647;
			files = (
				C797406421422A4D002658AC /* SystemConfiguration.framework in Frameworks */,
				C797406221422A46002658AC /* SafariServices.framework in Frameworks */,
				C797406021422A2D002658AC /* LocalAuthentication.framework in Frameworks */,
				C797405C2142281E002658AC /* GoogleSignInDependencies.framework in Frameworks */,
				C79740542140C3EB002658AC /* FBSDKShareKit.framework in Frameworks */,
				C79740562140C3EB002658AC /* FBSDKCoreKit.framework in Frameworks */,
				C79740572140C3EB002658AC /* FBSDKLoginKit.framework in Frameworks */,
				C79740552140C3EB002658AC /* Bolts.framework in Frameworks */,
				C797405B2142281E002658AC /* GoogleSignIn.framework in Frameworks */,
				EADD6D30F346CBC5FC4348F7 /* Pods_stormchat.framework in Frameworks */,
			);
			runOnlyForDeploymentPostprocessing = 0;
		};
		C708F99A208FFD5F00F6F63A /* Frameworks */ = {
			isa = PBXFrameworksBuildPhase;
			buildActionMask = 2147483647;
			files = (
				B857B9AC7C5F6063FDE8AC64 /* Pods_stormchatTests.framework in Frameworks */,
			);
			runOnlyForDeploymentPostprocessing = 0;
		};
		C708F9A5208FFD5F00F6F63A /* Frameworks */ = {
			isa = PBXFrameworksBuildPhase;
			buildActionMask = 2147483647;
			files = (
				9F94B3E7B54CEBF38E322CB0 /* Pods_stormchatUITests.framework in Frameworks */,
			);
			runOnlyForDeploymentPostprocessing = 0;
		};
/* End PBXFrameworksBuildPhase section */

/* Begin PBXGroup section */
		C432025FE26A9EF08655EAA4 /* Pods */ = {
			isa = PBXGroup;
			children = (
				708CBCA3AD70E318B1993A60 /* Pods-stormchat.debug.xcconfig */,
				35D590F262DEE3B6683DC3CC /* Pods-stormchat.release.xcconfig */,
				1B061075FFC02CF7EBD4E239 /* Pods-stormchatTests.debug.xcconfig */,
				4499A44A77AF4CFE200F884B /* Pods-stormchatTests.release.xcconfig */,
				CC1D15D384131519405D38B6 /* Pods-stormchatUITests.debug.xcconfig */,
				227713071FD6C05D11D91C3F /* Pods-stormchatUITests.release.xcconfig */,
			);
			name = Pods;
			sourceTree = "<group>";
		};
		C708F980208FFD5F00F6F63A = {
			isa = PBXGroup;
			children = (
				C708F98B208FFD5F00F6F63A /* stormchat */,
				C708F9A0208FFD5F00F6F63A /* stormchatTests */,
				C708F9AB208FFD5F00F6F63A /* stormchatUITests */,
				C708F98A208FFD5F00F6F63A /* Products */,
				C79740512140C3E8002658AC /* Bolts.framework */,
				C79740522140C3EA002658AC /* FBSDKCoreKit.framework */,
				C79740532140C3EB002658AC /* FBSDKLoginKit.framework */,
				C79740502140C3E8002658AC /* FBSDKShareKit.framework */,
				C797405A2142281E002658AC /* GoogleSignIn.bundle */,
				C79740582142281C002658AC /* GoogleSignIn.framework */,
				C79740592142281D002658AC /* GoogleSignInDependencies.framework */,
				C797405E21422A2D002658AC /* Frameworks */,
				C432025FE26A9EF08655EAA4 /* Pods */,
			);
			sourceTree = "<group>";
		};
		C708F98A208FFD5F00F6F63A /* Products */ = {
			isa = PBXGroup;
			children = (
				C708F989208FFD5F00F6F63A /* stormchat.app */,
				C708F99D208FFD5F00F6F63A /* stormchatTests.xctest */,
				C708F9A8208FFD5F00F6F63A /* stormchatUITests.xctest */,
			);
			name = Products;
			sourceTree = "<group>";
		};
		C708F98B208FFD5F00F6F63A /* stormchat */ = {
			isa = PBXGroup;
			children = (
				C7B0466B2172D90800CE5DA5 /* Extensions */,
				C708F990208FFD5F00F6F63A /* Main.storyboard */,
				C708F98C208FFD5F00F6F63A /* AppDelegate.swift */,
				C708F98E208FFD5F00F6F63A /* ViewController.swift */,
				C708F993208FFD5F00F6F63A /* Assets.xcassets */,
				C708F995208FFD5F00F6F63A /* LaunchScreen.storyboard */,
				C79740662142382D002658AC /* GoogleService-Info.plist */,
				C708F998208FFD5F00F6F63A /* Info.plist */,
				C7974035213FAB71002658AC /* RegisterController.swift */,
				C797406C21687A6F002658AC /* AlertController.swift */,
				C7E3EEAE216C04740046A7EB /* LocationController.swift */,
				C7B0467821A52FA600CE5DA5 /* ChatController.swift */,
				C7E6BA7D21A7F63400042343 /* ChatInfoController.swift */,
			);
			path = stormchat;
			sourceTree = "<group>";
		};
		C708F9A0208FFD5F00F6F63A /* stormchatTests */ = {
			isa = PBXGroup;
			children = (
				C708F9A1208FFD5F00F6F63A /* stormchatTests.swift */,
				C708F9A3208FFD5F00F6F63A /* Info.plist */,
			);
			path = stormchatTests;
			sourceTree = "<group>";
		};
		C708F9AB208FFD5F00F6F63A /* stormchatUITests */ = {
			isa = PBXGroup;
			children = (
				C708F9AC208FFD5F00F6F63A /* stormchatUITests.swift */,
				C708F9AE208FFD5F00F6F63A /* Info.plist */,
			);
			path = stormchatUITests;
			sourceTree = "<group>";
		};
		C797405E21422A2D002658AC /* Frameworks */ = {
			isa = PBXGroup;
			children = (
				C797406321422A4D002658AC /* SystemConfiguration.framework */,
				C797406121422A46002658AC /* SafariServices.framework */,
				C797405F21422A2D002658AC /* LocalAuthentication.framework */,
				B71BB1A4A2B5A02508BDD626 /* Pods_stormchat.framework */,
				E96EF7B9C90A7972F7273DF6 /* Pods_stormchatTests.framework */,
				9C3B13E0B32BBB4CF250667C /* Pods_stormchatUITests.framework */,
			);
			name = Frameworks;
			sourceTree = "<group>";
		};
		C7B0466B2172D90800CE5DA5 /* Extensions */ = {
			isa = PBXGroup;
			children = (
				C7B0466C2172D96F00CE5DA5 /* String+Locations.swift */,
			);
			path = Extensions;
			sourceTree = "<group>";
		};
/* End PBXGroup section */

/* Begin PBXNativeTarget section */
		C708F988208FFD5F00F6F63A /* stormchat */ = {
			isa = PBXNativeTarget;
			buildConfigurationList = C708F9B1208FFD5F00F6F63A /* Build configuration list for PBXNativeTarget "stormchat" */;
			buildPhases = (
				6459D9C8E0576749CDDF745B /* [CP] Check Pods Manifest.lock */,
				C708F985208FFD5F00F6F63A /* Sources */,
				C708F986208FFD5F00F6F63A /* Frameworks */,
				C708F987208FFD5F00F6F63A /* Resources */,
				AE7ADF6DF0EE125844E1D441 /* [CP] Embed Pods Frameworks */,
			);
			buildRules = (
			);
			dependencies = (
			);
			name = stormchat;
			productName = stormchat;
			productReference = C708F989208FFD5F00F6F63A /* stormchat.app */;
			productType = "com.apple.product-type.application";
		};
		C708F99C208FFD5F00F6F63A /* stormchatTests */ = {
			isa = PBXNativeTarget;
			buildConfigurationList = C708F9B4208FFD5F00F6F63A /* Build configuration list for PBXNativeTarget "stormchatTests" */;
			buildPhases = (
				1FE49C2DE2AF712A9E990DEB /* [CP] Check Pods Manifest.lock */,
				C708F999208FFD5F00F6F63A /* Sources */,
				C708F99A208FFD5F00F6F63A /* Frameworks */,
				C708F99B208FFD5F00F6F63A /* Resources */,
			);
			buildRules = (
			);
			dependencies = (
				C708F99F208FFD5F00F6F63A /* PBXTargetDependency */,
			);
			name = stormchatTests;
			productName = stormchatTests;
			productReference = C708F99D208FFD5F00F6F63A /* stormchatTests.xctest */;
			productType = "com.apple.product-type.bundle.unit-test";
		};
		C708F9A7208FFD5F00F6F63A /* stormchatUITests */ = {
			isa = PBXNativeTarget;
			buildConfigurationList = C708F9B7208FFD5F00F6F63A /* Build configuration list for PBXNativeTarget "stormchatUITests" */;
			buildPhases = (
				720EAD8EBF8433B2586E6A0C /* [CP] Check Pods Manifest.lock */,
				C708F9A4208FFD5F00F6F63A /* Sources */,
				C708F9A5208FFD5F00F6F63A /* Frameworks */,
				C708F9A6208FFD5F00F6F63A /* Resources */,
			);
			buildRules = (
			);
			dependencies = (
				C708F9AA208FFD5F00F6F63A /* PBXTargetDependency */,
			);
			name = stormchatUITests;
			productName = stormchatUITests;
			productReference = C708F9A8208FFD5F00F6F63A /* stormchatUITests.xctest */;
			productType = "com.apple.product-type.bundle.ui-testing";
		};
/* End PBXNativeTarget section */

/* Begin PBXProject section */
		C708F981208FFD5F00F6F63A /* Project object */ = {
			isa = PBXProject;
			attributes = {
				LastSwiftUpdateCheck = 0910;
				LastUpgradeCheck = 0940;
				ORGANIZATIONNAME = Gautam;
				TargetAttributes = {
					C708F988208FFD5F00F6F63A = {
						CreatedOnToolsVersion = 9.1;
						ProvisioningStyle = Automatic;
					};
					C708F99C208FFD5F00F6F63A = {
						CreatedOnToolsVersion = 9.1;
						ProvisioningStyle = Automatic;
						TestTargetID = C708F988208FFD5F00F6F63A;
					};
					C708F9A7208FFD5F00F6F63A = {
						CreatedOnToolsVersion = 9.1;
						ProvisioningStyle = Automatic;
						TestTargetID = C708F988208FFD5F00F6F63A;
					};
				};
			};
			buildConfigurationList = C708F984208FFD5F00F6F63A /* Build configuration list for PBXProject "stormchat" */;
			compatibilityVersion = "Xcode 8.0";
			developmentRegion = en;
			hasScannedForEncodings = 0;
			knownRegions = (
				en,
				Base,
			);
			mainGroup = C708F980208FFD5F00F6F63A;
			productRefGroup = C708F98A208FFD5F00F6F63A /* Products */;
			projectDirPath = "";
			projectRoot = "";
			targets = (
				C708F988208FFD5F00F6F63A /* stormchat */,
				C708F99C208FFD5F00F6F63A /* stormchatTests */,
				C708F9A7208FFD5F00F6F63A /* stormchatUITests */,
			);
		};
/* End PBXProject section */

/* Begin PBXResourcesBuildPhase section */
		C708F987208FFD5F00F6F63A /* Resources */ = {
			isa = PBXResourcesBuildPhase;
			buildActionMask = 2147483647;
			files = (
				C797405D2142281E002658AC /* GoogleSignIn.bundle in Resources */,
				C708F997208FFD5F00F6F63A /* LaunchScreen.storyboard in Resources */,
				C79740672142382D002658AC /* GoogleService-Info.plist in Resources */,
				C708F994208FFD5F00F6F63A /* Assets.xcassets in Resources */,
				C708F992208FFD5F00F6F63A /* Main.storyboard in Resources */,
			);
			runOnlyForDeploymentPostprocessing = 0;
		};
		C708F99B208FFD5F00F6F63A /* Resources */ = {
			isa = PBXResourcesBuildPhase;
			buildActionMask = 2147483647;
			files = (
			);
			runOnlyForDeploymentPostprocessing = 0;
		};
		C708F9A6208FFD5F00F6F63A /* Resources */ = {
			isa = PBXResourcesBuildPhase;
			buildActionMask = 2147483647;
			files = (
			);
			runOnlyForDeploymentPostprocessing = 0;
		};
/* End PBXResourcesBuildPhase section */

/* Begin PBXShellScriptBuildPhase section */
		1FE49C2DE2AF712A9E990DEB /* [CP] Check Pods Manifest.lock */ = {
			isa = PBXShellScriptBuildPhase;
			buildActionMask = 2147483647;
			files = (
			);
			inputPaths = (
				"${PODS_PODFILE_DIR_PATH}/Podfile.lock",
				"${PODS_ROOT}/Manifest.lock",
			);
			name = "[CP] Check Pods Manifest.lock";
			outputPaths = (
				"$(DERIVED_FILE_DIR)/Pods-stormchatTests-checkManifestLockResult.txt",
			);
			runOnlyForDeploymentPostprocessing = 0;
			shellPath = /bin/sh;
			shellScript = "diff \"${PODS_PODFILE_DIR_PATH}/Podfile.lock\" \"${PODS_ROOT}/Manifest.lock\" > /dev/null\nif [ $? != 0 ] ; then\n    # print error to STDERR\n    echo \"error: The sandbox is not in sync with the Podfile.lock. Run 'pod install' or update your CocoaPods installation.\" >&2\n    exit 1\nfi\n# This output is used by Xcode 'outputs' to avoid re-running this script phase.\necho \"SUCCESS\" > \"${SCRIPT_OUTPUT_FILE_0}\"\n";
			showEnvVarsInLog = 0;
		};
		6459D9C8E0576749CDDF745B /* [CP] Check Pods Manifest.lock */ = {
			isa = PBXShellScriptBuildPhase;
			buildActionMask = 2147483647;
			files = (
			);
			inputPaths = (
				"${PODS_PODFILE_DIR_PATH}/Podfile.lock",
				"${PODS_ROOT}/Manifest.lock",
			);
			name = "[CP] Check Pods Manifest.lock";
			outputPaths = (
				"$(DERIVED_FILE_DIR)/Pods-stormchat-checkManifestLockResult.txt",
			);
			runOnlyForDeploymentPostprocessing = 0;
			shellPath = /bin/sh;
			shellScript = "diff \"${PODS_PODFILE_DIR_PATH}/Podfile.lock\" \"${PODS_ROOT}/Manifest.lock\" > /dev/null\nif [ $? != 0 ] ; then\n    # print error to STDERR\n    echo \"error: The sandbox is not in sync with the Podfile.lock. Run 'pod install' or update your CocoaPods installation.\" >&2\n    exit 1\nfi\n# This output is used by Xcode 'outputs' to avoid re-running this script phase.\necho \"SUCCESS\" > \"${SCRIPT_OUTPUT_FILE_0}\"\n";
			showEnvVarsInLog = 0;
		};
		720EAD8EBF8433B2586E6A0C /* [CP] Check Pods Manifest.lock */ = {
			isa = PBXShellScriptBuildPhase;
			buildActionMask = 2147483647;
			files = (
			);
			inputPaths = (
				"${PODS_PODFILE_DIR_PATH}/Podfile.lock",
				"${PODS_ROOT}/Manifest.lock",
			);
			name = "[CP] Check Pods Manifest.lock";
			outputPaths = (
				"$(DERIVED_FILE_DIR)/Pods-stormchatUITests-checkManifestLockResult.txt",
			);
			runOnlyForDeploymentPostprocessing = 0;
			shellPath = /bin/sh;
			shellScript = "diff \"${PODS_PODFILE_DIR_PATH}/Podfile.lock\" \"${PODS_ROOT}/Manifest.lock\" > /dev/null\nif [ $? != 0 ] ; then\n    # print error to STDERR\n    echo \"error: The sandbox is not in sync with the Podfile.lock. Run 'pod install' or update your CocoaPods installation.\" >&2\n    exit 1\nfi\n# This output is used by Xcode 'outputs' to avoid re-running this script phase.\necho \"SUCCESS\" > \"${SCRIPT_OUTPUT_FILE_0}\"\n";
			showEnvVarsInLog = 0;
		};
		AE7ADF6DF0EE125844E1D441 /* [CP] Embed Pods Frameworks */ = {
			isa = PBXShellScriptBuildPhase;
			buildActionMask = 2147483647;
			files = (
			);
			inputPaths = (
				"${SRCROOT}/Pods/Target Support Files/Pods-stormchat/Pods-stormchat-frameworks.sh",
				"${BUILT_PRODUCTS_DIR}/MessageInputBar/MessageInputBar.framework",
				"${BUILT_PRODUCTS_DIR}/MessageKit/MessageKit.framework",
			);
			name = "[CP] Embed Pods Frameworks";
			outputPaths = (
				"${TARGET_BUILD_DIR}/${FRAMEWORKS_FOLDER_PATH}/MessageInputBar.framework",
				"${TARGET_BUILD_DIR}/${FRAMEWORKS_FOLDER_PATH}/MessageKit.framework",
			);
			runOnlyForDeploymentPostprocessing = 0;
			shellPath = /bin/sh;
			shellScript = "\"${SRCROOT}/Pods/Target Support Files/Pods-stormchat/Pods-stormchat-frameworks.sh\"\n";
			showEnvVarsInLog = 0;
		};
/* End PBXShellScriptBuildPhase section */

/* Begin PBXSourcesBuildPhase section */
		C708F985208FFD5F00F6F63A /* Sources */ = {
			isa = PBXSourcesBuildPhase;
			buildActionMask = 2147483647;
			files = (
				C797406E21687A6F002658AC /* AlertController.swift in Sources */,
				C708F98F208FFD5F00F6F63A /* ViewController.swift in Sources */,
				C708F98D208FFD5F00F6F63A /* AppDelegate.swift in Sources */,
				C7E6BA7E21A7F63400042343 /* ChatInfoController.swift in Sources */,
				C7E3EEAF216C04740046A7EB /* LocationController.swift in Sources */,
				C7B0467921A52FA600CE5DA5 /* ChatController.swift in Sources */,
				C7974036213FAB71002658AC /* RegisterController.swift in Sources */,
				C7B0466D2172D96F00CE5DA5 /* String+Locations.swift in Sources */,
			);
			runOnlyForDeploymentPostprocessing = 0;
		};
		C708F999208FFD5F00F6F63A /* Sources */ = {
			isa = PBXSourcesBuildPhase;
			buildActionMask = 2147483647;
			files = (
				C708F9A2208FFD5F00F6F63A /* stormchatTests.swift in Sources */,
			);
			runOnlyForDeploymentPostprocessing = 0;
		};
		C708F9A4208FFD5F00F6F63A /* Sources */ = {
			isa = PBXSourcesBuildPhase;
			buildActionMask = 2147483647;
			files = (
				C708F9AD208FFD5F00F6F63A /* stormchatUITests.swift in Sources */,
			);
			runOnlyForDeploymentPostprocessing = 0;
		};
/* End PBXSourcesBuildPhase section */

/* Begin PBXTargetDependency section */
		C708F99F208FFD5F00F6F63A /* PBXTargetDependency */ = {
			isa = PBXTargetDependency;
			target = C708F988208FFD5F00F6F63A /* stormchat */;
			targetProxy = C708F99E208FFD5F00F6F63A /* PBXContainerItemProxy */;
		};
		C708F9AA208FFD5F00F6F63A /* PBXTargetDependency */ = {
			isa = PBXTargetDependency;
			target = C708F988208FFD5F00F6F63A /* stormchat */;
			targetProxy = C708F9A9208FFD5F00F6F63A /* PBXContainerItemProxy */;
		};
/* End PBXTargetDependency section */

/* Begin PBXVariantGroup section */
		C708F990208FFD5F00F6F63A /* Main.storyboard */ = {
			isa = PBXVariantGroup;
			children = (
				C708F991208FFD5F00F6F63A /* Base */,
			);
			name = Main.storyboard;
			sourceTree = "<group>";
		};
		C708F995208FFD5F00F6F63A /* LaunchScreen.storyboard */ = {
			isa = PBXVariantGroup;
			children = (
				C708F996208FFD5F00F6F63A /* Base */,
			);
			name = LaunchScreen.storyboard;
			sourceTree = "<group>";
		};
/* End PBXVariantGroup section */

/* Begin XCBuildConfiguration section */
		C708F9AF208FFD5F00F6F63A /* Debug */ = {
			isa = XCBuildConfiguration;
			buildSettings = {
				ALWAYS_SEARCH_USER_PATHS = NO;
				CLANG_ANALYZER_NONNULL = YES;
				CLANG_ANALYZER_NUMBER_OBJECT_CONVERSION = YES_AGGRESSIVE;
				CLANG_CXX_LANGUAGE_STANDARD = "gnu++14";
				CLANG_CXX_LIBRARY = "libc++";
				CLANG_ENABLE_MODULES = YES;
				CLANG_ENABLE_OBJC_ARC = YES;
				CLANG_WARN_BLOCK_CAPTURE_AUTORELEASING = YES;
				CLANG_WARN_BOOL_CONVERSION = YES;
				CLANG_WARN_COMMA = YES;
				CLANG_WARN_CONSTANT_CONVERSION = YES;
				CLANG_WARN_DEPRECATED_OBJC_IMPLEMENTATIONS = YES;
				CLANG_WARN_DIRECT_OBJC_ISA_USAGE = YES_ERROR;
				CLANG_WARN_DOCUMENTATION_COMMENTS = YES;
				CLANG_WARN_EMPTY_BODY = YES;
				CLANG_WARN_ENUM_CONVERSION = YES;
				CLANG_WARN_INFINITE_RECURSION = YES;
				CLANG_WARN_INT_CONVERSION = YES;
				CLANG_WARN_NON_LITERAL_NULL_CONVERSION = YES;
				CLANG_WARN_OBJC_IMPLICIT_RETAIN_SELF = YES;
				CLANG_WARN_OBJC_LITERAL_CONVERSION = YES;
				CLANG_WARN_OBJC_ROOT_CLASS = YES_ERROR;
				CLANG_WARN_RANGE_LOOP_ANALYSIS = YES;
				CLANG_WARN_STRICT_PROTOTYPES = YES;
				CLANG_WARN_SUSPICIOUS_MOVE = YES;
				CLANG_WARN_UNGUARDED_AVAILABILITY = YES_AGGRESSIVE;
				CLANG_WARN_UNREACHABLE_CODE = YES;
				CLANG_WARN__DUPLICATE_METHOD_MATCH = YES;
				CODE_SIGN_IDENTITY = "iPhone Developer";
				COPY_PHASE_STRIP = NO;
				DEBUG_INFORMATION_FORMAT = dwarf;
				ENABLE_STRICT_OBJC_MSGSEND = YES;
				ENABLE_TESTABILITY = YES;
				GCC_C_LANGUAGE_STANDARD = gnu11;
				GCC_DYNAMIC_NO_PIC = NO;
				GCC_NO_COMMON_BLOCKS = YES;
				GCC_OPTIMIZATION_LEVEL = 0;
				GCC_PREPROCESSOR_DEFINITIONS = (
					"DEBUG=1",
					"$(inherited)",
				);
				GCC_WARN_64_TO_32_BIT_CONVERSION = YES;
				GCC_WARN_ABOUT_RETURN_TYPE = YES_ERROR;
				GCC_WARN_UNDECLARED_SELECTOR = YES;
				GCC_WARN_UNINITIALIZED_AUTOS = YES_AGGRESSIVE;
				GCC_WARN_UNUSED_FUNCTION = YES;
				GCC_WARN_UNUSED_VARIABLE = YES;
				IPHONEOS_DEPLOYMENT_TARGET = 11.1;
				MTL_ENABLE_DEBUG_INFO = YES;
				ONLY_ACTIVE_ARCH = YES;
				SDKROOT = iphoneos;
				SWIFT_ACTIVE_COMPILATION_CONDITIONS = DEBUG;
				SWIFT_OPTIMIZATION_LEVEL = "-Onone";
			};
			name = Debug;
		};
		C708F9B0208FFD5F00F6F63A /* Release */ = {
			isa = XCBuildConfiguration;
			buildSettings = {
				ALWAYS_SEARCH_USER_PATHS = NO;
				CLANG_ANALYZER_NONNULL = YES;
				CLANG_ANALYZER_NUMBER_OBJECT_CONVERSION = YES_AGGRESSIVE;
				CLANG_CXX_LANGUAGE_STANDARD = "gnu++14";
				CLANG_CXX_LIBRARY = "libc++";
				CLANG_ENABLE_MODULES = YES;
				CLANG_ENABLE_OBJC_ARC = YES;
				CLANG_WARN_BLOCK_CAPTURE_AUTORELEASING = YES;
				CLANG_WARN_BOOL_CONVERSION = YES;
				CLANG_WARN_COMMA = YES;
				CLANG_WARN_CONSTANT_CONVERSION = YES;
				CLANG_WARN_DEPRECATED_OBJC_IMPLEMENTATIONS = YES;
				CLANG_WARN_DIRECT_OBJC_ISA_USAGE = YES_ERROR;
				CLANG_WARN_DOCUMENTATION_COMMENTS = YES;
				CLANG_WARN_EMPTY_BODY = YES;
				CLANG_WARN_ENUM_CONVERSION = YES;
				CLANG_WARN_INFINITE_RECURSION = YES;
				CLANG_WARN_INT_CONVERSION = YES;
				CLANG_WARN_NON_LITERAL_NULL_CONVERSION = YES;
				CLANG_WARN_OBJC_IMPLICIT_RETAIN_SELF = YES;
				CLANG_WARN_OBJC_LITERAL_CONVERSION = YES;
				CLANG_WARN_OBJC_ROOT_CLASS = YES_ERROR;
				CLANG_WARN_RANGE_LOOP_ANALYSIS = YES;
				CLANG_WARN_STRICT_PROTOTYPES = YES;
				CLANG_WARN_SUSPICIOUS_MOVE = YES;
				CLANG_WARN_UNGUARDED_AVAILABILITY = YES_AGGRESSIVE;
				CLANG_WARN_UNREACHABLE_CODE = YES;
				CLANG_WARN__DUPLICATE_METHOD_MATCH = YES;
				CODE_SIGN_IDENTITY = "iPhone Developer";
				COPY_PHASE_STRIP = NO;
				DEBUG_INFORMATION_FORMAT = "dwarf-with-dsym";
				ENABLE_NS_ASSERTIONS = NO;
				ENABLE_STRICT_OBJC_MSGSEND = YES;
				GCC_C_LANGUAGE_STANDARD = gnu11;
				GCC_NO_COMMON_BLOCKS = YES;
				GCC_WARN_64_TO_32_BIT_CONVERSION = YES;
				GCC_WARN_ABOUT_RETURN_TYPE = YES_ERROR;
				GCC_WARN_UNDECLARED_SELECTOR = YES;
				GCC_WARN_UNINITIALIZED_AUTOS = YES_AGGRESSIVE;
				GCC_WARN_UNUSED_FUNCTION = YES;
				GCC_WARN_UNUSED_VARIABLE = YES;
				IPHONEOS_DEPLOYMENT_TARGET = 11.1;
				MTL_ENABLE_DEBUG_INFO = NO;
				SDKROOT = iphoneos;
				SWIFT_OPTIMIZATION_LEVEL = "-Owholemodule";
				VALIDATE_PRODUCT = YES;
			};
			name = Release;
		};
		C708F9B2208FFD5F00F6F63A /* Debug */ = {
			isa = XCBuildConfiguration;
			baseConfigurationReference = 708CBCA3AD70E318B1993A60 /* Pods-stormchat.debug.xcconfig */;
			buildSettings = {
				ASSETCATALOG_COMPILER_APPICON_NAME = AppIcon;
				CODE_SIGN_STYLE = Automatic;
				DEVELOPMENT_TEAM = 87WM9EFVDN;
				FRAMEWORK_SEARCH_PATHS = (
					"$(inherited)",
					"$(PROJECT_DIR)",
				);
				INFOPLIST_FILE = stormchat/Info.plist;
				LD_RUNPATH_SEARCH_PATHS = "$(inherited) @executable_path/Frameworks";
				OTHER_LDFLAGS = (
					"$(OTHER_LDFLAGS)",
					"-ObjC",
				);
				PRODUCT_BUNDLE_IDENTIFIER = com.gautambaghel.stormchat;
				PRODUCT_NAME = "$(TARGET_NAME)";
				SWIFT_VERSION = 4.0;
				TARGETED_DEVICE_FAMILY = "1,2";
			};
			name = Debug;
		};
		C708F9B3208FFD5F00F6F63A /* Release */ = {
			isa = XCBuildConfiguration;
			baseConfigurationReference = 35D590F262DEE3B6683DC3CC /* Pods-stormchat.release.xcconfig */;
			buildSettings = {
				ASSETCATALOG_COMPILER_APPICON_NAME = AppIcon;
				CODE_SIGN_STYLE = Automatic;
				DEVELOPMENT_TEAM = 87WM9EFVDN;
				FRAMEWORK_SEARCH_PATHS = (
					"$(inherited)",
					"$(PROJECT_DIR)",
				);
				INFOPLIST_FILE = stormchat/Info.plist;
				LD_RUNPATH_SEARCH_PATHS = "$(inherited) @executable_path/Frameworks";
				OTHER_LDFLAGS = (
					"$(OTHER_LDFLAGS)",
					"-ObjC",
				);
				PRODUCT_BUNDLE_IDENTIFIER = com.gautambaghel.stormchat;
				PRODUCT_NAME = "$(TARGET_NAME)";
				SWIFT_VERSION = 4.0;
				TARGETED_DEVICE_FAMILY = "1,2";
			};
			name = Release;
		};
		C708F9B5208FFD5F00F6F63A /* Debug */ = {
			isa = XCBuildConfiguration;
			baseConfigurationReference = 1B061075FFC02CF7EBD4E239 /* Pods-stormchatTests.debug.xcconfig */;
			buildSettings = {
				ALWAYS_EMBED_SWIFT_STANDARD_LIBRARIES = YES;
				BUNDLE_LOADER = "$(TEST_HOST)";
				CODE_SIGN_STYLE = Automatic;
				DEVELOPMENT_TEAM = 87WM9EFVDN;
				INFOPLIST_FILE = stormchatTests/Info.plist;
				LD_RUNPATH_SEARCH_PATHS = "$(inherited) @executable_path/Frameworks @loader_path/Frameworks";
				PRODUCT_BUNDLE_IDENTIFIER = com.gautambaghel.stormchatTests;
				PRODUCT_NAME = "$(TARGET_NAME)";
				SWIFT_VERSION = 4.0;
				TARGETED_DEVICE_FAMILY = "1,2";
				TEST_HOST = "$(BUILT_PRODUCTS_DIR)/stormchat.app/stormchat";
			};
			name = Debug;
		};
		C708F9B6208FFD5F00F6F63A /* Release */ = {
			isa = XCBuildConfiguration;
			baseConfigurationReference = 4499A44A77AF4CFE200F884B /* Pods-stormchatTests.release.xcconfig */;
			buildSettings = {
				ALWAYS_EMBED_SWIFT_STANDARD_LIBRARIES = YES;
				BUNDLE_LOADER = "$(TEST_HOST)";
				CODE_SIGN_STYLE = Automatic;
				DEVELOPMENT_TEAM = 87WM9EFVDN;
				INFOPLIST_FILE = stormchatTests/Info.plist;
				LD_RUNPATH_SEARCH_PATHS = "$(inherited) @executable_path/Frameworks @loader_path/Frameworks";
				PRODUCT_BUNDLE_IDENTIFIER = com.gautambaghel.stormchatTests;
				PRODUCT_NAME = "$(TARGET_NAME)";
				SWIFT_VERSION = 4.0;
				TARGETED_DEVICE_FAMILY = "1,2";
				TEST_HOST = "$(BUILT_PRODUCTS_DIR)/stormchat.app/stormchat";
			};
			name = Release;
		};
		C708F9B8208FFD5F00F6F63A /* Debug */ = {
			isa = XCBuildConfiguration;
			baseConfigurationReference = CC1D15D384131519405D38B6 /* Pods-stormchatUITests.debug.xcconfig */;
			buildSettings = {
				ALWAYS_EMBED_SWIFT_STANDARD_LIBRARIES = YES;
				CODE_SIGN_STYLE = Automatic;
				DEVELOPMENT_TEAM = 87WM9EFVDN;
				INFOPLIST_FILE = stormchatUITests/Info.plist;
				LD_RUNPATH_SEARCH_PATHS = "$(inherited) @executable_path/Frameworks @loader_path/Frameworks";
				PRODUCT_BUNDLE_IDENTIFIER = com.gautambaghel.stormchatUITests;
				PRODUCT_NAME = "$(TARGET_NAME)";
				SWIFT_VERSION = 4.0;
				TARGETED_DEVICE_FAMILY = "1,2";
				TEST_TARGET_NAME = stormchat;
			};
			name = Debug;
		};
		C708F9B9208FFD5F00F6F63A /* Release */ = {
			isa = XCBuildConfiguration;
			baseConfigurationReference = 227713071FD6C05D11D91C3F /* Pods-stormchatUITests.release.xcconfig */;
			buildSettings = {
				ALWAYS_EMBED_SWIFT_STANDARD_LIBRARIES = YES;
				CODE_SIGN_STYLE = Automatic;
				DEVELOPMENT_TEAM = 87WM9EFVDN;
				INFOPLIST_FILE = stormchatUITests/Info.plist;
				LD_RUNPATH_SEARCH_PATHS = "$(inherited) @executable_path/Frameworks @loader_path/Frameworks";
				PRODUCT_BUNDLE_IDENTIFIER = com.gautambaghel.stormchatUITests;
				PRODUCT_NAME = "$(TARGET_NAME)";
				SWIFT_VERSION = 4.0;
				TARGETED_DEVICE_FAMILY = "1,2";
				TEST_TARGET_NAME = stormchat;
			};
			name = Release;
		};
/* End XCBuildConfiguration section */

/* Begin XCConfigurationList section */
		C708F984208FFD5F00F6F63A /* Build configuration list for PBXProject "stormchat" */ = {
			isa = XCConfigurationList;
			buildConfigurations = (
				C708F9AF208FFD5F00F6F63A /* Debug */,
				C708F9B0208FFD5F00F6F63A /* Release */,
			);
			defaultConfigurationIsVisible = 0;
			defaultConfigurationName = Release;
		};
		C708F9B1208FFD5F00F6F63A /* Build configuration list for PBXNativeTarget "stormchat" */ = {
			isa = XCConfigurationList;
			buildConfigurations = (
				C708F9B2208FFD5F00F6F63A /* Debug */,
				C708F9B3208FFD5F00F6F63A /* Release */,
			);
			defaultConfigurationIsVisible = 0;
			defaultConfigurationName = Release;
		};
		C708F9B4208FFD5F00F6F63A /* Build configuration list for PBXNativeTarget "stormchatTests" */ = {
			isa = XCConfigurationList;
			buildConfigurations = (
				C708F9B5208FFD5F00F6F63A /* Debug */,
				C708F9B6208FFD5F00F6F63A /* Release */,
			);
			defaultConfigurationIsVisible = 0;
			defaultConfigurationName = Release;
		};
		C708F9B7208FFD5F00F6F63A /* Build configuration list for PBXNativeTarget "stormchatUITests" */ = {
			isa = XCConfigurationList;
			buildConfigurations = (
				C708F9B8208FFD5F00F6F63A /* Debug */,
				C708F9B9208FFD5F00F6F63A /* Release */,
			);
			defaultConfigurationIsVisible = 0;
			defaultConfigurationName = Release;
		};
/* End XCConfigurationList section */
	};
	rootObject = C708F981208FFD5F00F6F63A /* Project object */;
}
